
Microsoft Visual Studio Solution File, Format Version 12.00
# Visual Studio Version 17
VisualStudioVersion = 17.2.32519.379
MinimumVisualStudioVersion = 10.0.40219.1
Project("{FAE04EC0-301F-11D3-BF4B-00C04F79EFBC}") = "Map_diff", "Map_diff.csproj", "{CEFC8CF7-46CA-4789-A766-B93D503166C7}"
EndProject
Global
	GlobalSection(SolutionConfigurationPlatforms) = preSolution
		Debug|Any CPU = Debug|Any CPU
		Release|Any CPU = Release|Any CPU
	EndGlobalSection
	GlobalSection(ProjectConfigurationPlatforms) = postSolution
		{CEFC8CF7-46CA-4789-A766-B93D503166C7}.Debug|Any CPU.ActiveCfg = Debug|Any CPU
		{CEFC8CF7-46CA-4789-A766-B93D503166C7}.Debug|Any CPU.Build.0 = Debug|Any CPU
		{CEFC8CF7-46CA-4789-A766-B93D503166C7}.Release|Any CPU.ActiveCfg = Release|Any CPU
		{CEFC8CF7-46CA-4789-A766-B93D503166C7}.Release|Any CPU.Build.0 = Release|Any CPU
	EndGlobalSection
	GlobalSection(SolutionProperties) = preSolution
		HideSolutionNode = FALSE
	EndGlobalSection
	GlobalSection(ExtensibilityGlobals) = postSolution
		SolutionGuid = {BA061E50-DDF0-40E4-BC01-B76F75226644}
	EndGlobalSection
EndGlobal
